<?xml version="1.0" encoding="utf-8"?>
<Project ToolsVersion="4.0" xmlns="http://schemas.microsoft.com/developer/msbuild/2003">
  <ItemGroup>
    <Filter Include="Source Files">
      <UniqueIdentifier>{4FC737F1-C7A5-4376-A066-2A32D752A2FF}</UniqueIdentifier>
      <Extensions>cpp;cxx;c;def</Extensions>
    </Filter>
    <Filter Include="Header Files">
      <UniqueIdentifier>{93995380-89BD-4b04-88EB-625FBE52EBFB}</UniqueIdentifier>
      <Extensions>h</Extensions>
    </Filter>
    <Filter Include="Form Files">
      <UniqueIdentifier>{99349809-55BA-4b9d-BF79-8FDBB0286EB3}</UniqueIdentifier>
      <Extensions>ui</Extensions>
    </Filter>
    <Filter Include="Resource Files">
      <UniqueIdentifier>{D9D6E242-F8AF-46E4-B9FD-80ECBC20BA3E}</UniqueIdentifier>
      <Extensions>qrc;*</Extensions>
      <ParseFiles>false</ParseFiles>
    </Filter>
    <Filter Include="Generated Files">
      <UniqueIdentifier>{71ED8ED8-ACB9-4CE9-BBE1-E00B30144E11}</UniqueIdentifier>
      <Extensions>moc;h;cpp</Extensions>
      <SourceControlFiles>False</SourceControlFiles>
    </Filter>
    <Filter Include="Generated Files\Debug">
      <UniqueIdentifier>{c2596feb-6836-44ff-9d5b-d068c274d33e}</UniqueIdentifier>
      <Extensions>cpp;moc</Extensions>
      <SourceControlFiles>False</SourceControlFiles>
    </Filter>
    <Filter Include="Generated Files\Release">
      <UniqueIdentifier>{1734313e-7b9b-4ca8-9b31-afd5988f037f}</UniqueIdentifier>
      <Extensions>cpp;moc</Extensions>
      <SourceControlFiles>False</SourceControlFiles>
    </Filter>
  </ItemGroup>
  <ItemGroup>
    <ClCompile Include="midasguilib.cpp">
      <Filter>Source Files</Filter>
    </ClCompile>
    <ClCompile Include="..\MidasGUI\AveragingFilter.cpp">
      <Filter>Source Files</Filter>
    </ClCompile>
    <ClCompile Include="..\MidasGUI\ControlState.cpp">
      <Filter>Source Files</Filter>
    </ClCompile>
    <ClCompile Include="..\MidasGUI\DraggableWidget.cpp">
      <Filter>Source Files</Filter>
    </ClCompile>
    <ClCompile Include="GeneratedFiles\Debug\moc_DraggableWidget.cpp">
      <Filter>Generated Files\Debug</Filter>
    </ClCompile>
    <ClCompile Include="GeneratedFiles\Release\moc_DraggableWidget.cpp">
      <Filter>Generated Files\Release</Filter>
    </ClCompile>
    <ClCompile Include="..\MidasGUI\Filter.cpp">
      <Filter>Source Files</Filter>
    </ClCompile>
    <ClCompile Include="..\MidasGUI\FilterPipeline.cpp">
      <Filter>Source Files</Filter>
    </ClCompile>
    <ClCompile Include="..\MidasGUI\GestureFilter.cpp">
      <Filter>Source Files</Filter>
    </ClCompile>
    <ClCompile Include="..\MidasGUI\GestureSeqRecorder.cpp">
      <Filter>Source Files</Filter>
    </ClCompile>
    <ClCompile Include="..\MidasGUI\GestureSignaller.cpp">
      <Filter>Source Files</Filter>
    </ClCompile>
    <ClCompile Include="GeneratedFiles\Debug\moc_GestureSignaller.cpp">
      <Filter>Generated Files\Debug</Filter>
    </ClCompile>
    <ClCompile Include="GeneratedFiles\Release\moc_GestureSignaller.cpp">
      <Filter>Generated Files\Release</Filter>
    </ClCompile>
    <ClCompile Include="..\MidasGUI\InfoIndicator.cpp">
      <Filter>Source Files</Filter>
    </ClCompile>
    <ClCompile Include="GeneratedFiles\Debug\moc_InfoIndicator.cpp">
      <Filter>Generated Files\Debug</Filter>
    </ClCompile>
    <ClCompile Include="GeneratedFiles\Release\moc_InfoIndicator.cpp">
      <Filter>Generated Files\Release</Filter>
    </ClCompile>
    <ClCompile Include="..\MidasGUI\KeyboardSettingsReader.cpp">
      <Filter>Source Files</Filter>
    </ClCompile>
    <ClCompile Include="..\MidasGUI\kybrdCtrl.cpp">
      <Filter>Source Files</Filter>
    </ClCompile>
    <ClCompile Include="..\MidasGUI\KybrdCtrlTest.cpp">
      <Filter>Source Files</Filter>
    </ClCompile>
    <ClCompile Include="..\MidasGUI\main.cpp">
      <Filter>Source Files</Filter>
    </ClCompile>
    <ClCompile Include="..\MidasGUI\MainGUI.cpp">
      <Filter>Source Files</Filter>
    </ClCompile>
    <ClCompile Include="GeneratedFiles\Debug\moc_MainGUI.cpp">
      <Filter>Generated Files\Debug</Filter>
    </ClCompile>
    <ClCompile Include="GeneratedFiles\Release\moc_MainGUI.cpp">
      <Filter>Generated Files\Release</Filter>
    </ClCompile>
    <ClCompile Include="..\MidasGUI\MidasMain.cpp">
      <Filter>Source Files</Filter>
    </ClCompile>
    <ClCompile Include="..\MidasGUI\MidasThread.cpp">
      <Filter>Source Files</Filter>
    </ClCompile>
    <ClCompile Include="GeneratedFiles\Debug\moc_MidasThread.cpp">
      <Filter>Generated Files\Debug</Filter>
    </ClCompile>
    <ClCompile Include="GeneratedFiles\Release\moc_MidasThread.cpp">
      <Filter>Generated Files\Release</Filter>
    </ClCompile>
    <ClCompile Include="..\MidasGUI\MouseCtrl.cpp">
      <Filter>Source Files</Filter>
    </ClCompile>
    <ClCompile Include="..\MidasGUI\MouseCtrlTest.cpp">
      <Filter>Source Files</Filter>
    </ClCompile>
    <ClCompile Include="..\MidasGUI\MouseIndicator.cpp">
      <Filter>Source Files</Filter>
    </ClCompile>
    <ClCompile Include="GeneratedFiles\Debug\moc_MouseIndicator.cpp">
      <Filter>Generated Files\Debug</Filter>
    </ClCompile>
    <ClCompile Include="GeneratedFiles\Release\moc_MouseIndicator.cpp">
      <Filter>Generated Files\Release</Filter>
    </ClCompile>
    <ClCompile Include="..\MidasGUI\MyoCommon.cpp">
      <Filter>Source Files</Filter>
    </ClCompile>
    <ClCompile Include="..\MidasGUI\MyoDevice.cpp">
      <Filter>Source Files</Filter>
    </ClCompile>
    <ClCompile Include="..\MidasGUI\MyoTranslationFilter.cpp">
      <Filter>Source Files</Filter>
    </ClCompile>
    <ClCompile Include="..\MidasGUI\PoseDisplayer.cpp">
      <Filter>Source Files</Filter>
    </ClCompile>
    <ClCompile Include="GeneratedFiles\Debug\moc_PoseDisplayer.cpp">
      <Filter>Generated Files\Debug</Filter>
    </ClCompile>
    <ClCompile Include="GeneratedFiles\Release\moc_PoseDisplayer.cpp">
      <Filter>Generated Files\Release</Filter>
    </ClCompile>
    <ClCompile Include="..\MidasGUI\RingData.cpp">
      <Filter>Source Files</Filter>
    </ClCompile>
    <ClCompile Include="..\MidasGUI\SCDDigester.cpp">
      <Filter>Source Files</Filter>
    </ClCompile>
    <ClCompile Include="..\MidasGUI\SequenceDisplayer.cpp">
      <Filter>Source Files</Filter>
    </ClCompile>
    <ClCompile Include="GeneratedFiles\Debug\moc_SequenceDisplayer.cpp">
      <Filter>Generated Files\Debug</Filter>
    </ClCompile>
    <ClCompile Include="GeneratedFiles\Release\moc_SequenceDisplayer.cpp">
      <Filter>Generated Files\Release</Filter>
    </ClCompile>
    <ClCompile Include="..\MidasGUI\SequenceImageManager.cpp">
      <Filter>Source Files</Filter>
    </ClCompile>
    <ClCompile Include="..\MidasGUI\SharedCommandData.cpp">
      <Filter>Source Files</Filter>
    </ClCompile>
    <ClCompile Include="..\MidasGUI\SharedCommandDataTest.cpp">
      <Filter>Source Files</Filter>
    </ClCompile>
    <ClCompile Include="..\MidasGUI\WearableDevice.cpp">
      <Filter>Source Files</Filter>
    </ClCompile>
    <ClCompile Include="..\MidasGUI\GestureHoldModeAction.cpp">
      <Filter>Source Files</Filter>
    </ClCompile>
  </ItemGroup>
  <ItemGroup>
    <ClInclude Include="midasguilib.h">
      <Filter>Header Files</Filter>
    </ClInclude>
    <ClInclude Include="..\MidasGUI\AveragingFilter.h">
      <Filter>Header Files</Filter>
    </ClInclude>
    <ClInclude Include="..\MidasGUI\ControlState.h">
      <Filter>Header Files</Filter>
    </ClInclude>
    <ClInclude Include="..\MidasGUI\Filter.h">
      <Filter>Header Files</Filter>
    </ClInclude>
    <ClInclude Include="..\MidasGUI\FilterPipeline.h">
      <Filter>Header Files</Filter>
    </ClInclude>
    <ClInclude Include="..\MidasGUI\GestureFilter.h">
      <Filter>Header Files</Filter>
    </ClInclude>
    <ClInclude Include="..\MidasGUI\GestureSeqRecorder.h">
      <Filter>Header Files</Filter>
    </ClInclude>
    <ClInclude Include="..\MidasGUI\KeyboardSettingsReader.h">
      <Filter>Header Files</Filter>
    </ClInclude>
    <ClInclude Include="..\MidasGUI\kybrdCtrl.h">
      <Filter>Header Files</Filter>
    </ClInclude>
    <ClInclude Include="..\MidasGUI\KybrdCtrlTest.h">
      <Filter>Header Files</Filter>
    </ClInclude>
    <ClInclude Include="..\MidasGUI\MidasCommon.h">
      <Filter>Header Files</Filter>
    </ClInclude>
    <ClInclude Include="..\MidasGUI\MidasMain.h">
      <Filter>Header Files</Filter>
    </ClInclude>
    <ClInclude Include="..\MidasGUI\MouseCtrl.h">
      <Filter>Header Files</Filter>
    </ClInclude>
    <ClInclude Include="..\MidasGUI\MouseCtrlTest.h">
      <Filter>Header Files</Filter>
    </ClInclude>
    <ClInclude Include="..\MidasGUI\MyoCommon.h">
      <Filter>Header Files</Filter>
    </ClInclude>
    <ClInclude Include="..\MidasGUI\MyoDevice.h">
      <Filter>Header Files</Filter>
    </ClInclude>
    <ClInclude Include="..\MidasGUI\MyoTranslationFilter.h">
      <Filter>Header Files</Filter>
    </ClInclude>
    <ClInclude Include="..\MidasGUI\RingData.h">
      <Filter>Header Files</Filter>
    </ClInclude>
    <ClInclude Include="..\MidasGUI\SCDDigester.h">
      <Filter>Header Files</Filter>
    </ClInclude>
    <ClInclude Include="..\MidasGUI\SequenceImageManager.h">
      <Filter>Header Files</Filter>
    </ClInclude>
    <ClInclude Include="..\MidasGUI\SharedCommandData.h">
      <Filter>Header Files</Filter>
    </ClInclude>
    <ClInclude Include="..\MidasGUI\SharedCommandDataTest.h">
      <Filter>Header Files</Filter>
    </ClInclude>
    <ClInclude Include="..\MidasGUI\WearableDevice.h">
      <Filter>Header Files</Filter>
    </ClInclude>
    <ClInclude Include="..\MidasGUI\GestureHoldModeAction.h">
      <Filter>Header Files</Filter>
    </ClInclude>
  </ItemGroup>
  <ItemGroup>
    <CustomBuild Include="..\MidasGUI\DraggableWidget.h">
      <Filter>Header Files</Filter>
    </CustomBuild>
    <CustomBuild Include="..\MidasGUI\GestureSignaller.h">
      <Filter>Header Files</Filter>
    </CustomBuild>
    <CustomBuild Include="..\MidasGUI\InfoIndicator.h">
      <Filter>Header Files</Filter>
    </CustomBuild>
    <CustomBuild Include="..\MidasGUI\MainGUI.h">
      <Filter>Header Files</Filter>
    </CustomBuild>
    <CustomBuild Include="..\MidasGUI\MidasThread.h">
      <Filter>Header Files</Filter>
    </CustomBuild>
    <CustomBuild Include="..\MidasGUI\MouseIndicator.h">
      <Filter>Header Files</Filter>
    </CustomBuild>
    <CustomBuild Include="..\MidasGUI\PoseDisplayer.h">
      <Filter>Header Files</Filter>
    </CustomBuild>
    <CustomBuild Include="..\MidasGUI\SequenceDisplayer.h">
      <Filter>Header Files</Filter>
    </CustomBuild>
  </ItemGroup>
  <ItemGroup>
    <Text Include="..\MidasGUI\keyboardData.txt" />
  </ItemGroup>
</Project>