
Microsoft Visual Studio Solution File, Format Version 12.00
# Visual Studio 2013
VisualStudioVersion = 12.0.30501.0
MinimumVisualStudioVersion = 10.0.40219.1
Project("{8BC9CEB8-8B4A-11D0-8D11-00A0C91BC942}") = "Midas", "Midas\Midas.vcxproj", "{C09B4F72-1850-4195-B5AC-1B169E682019}"
EndProject
Project("{8BC9CEB8-8B4A-11D0-8D11-00A0C91BC942}") = "MidasTest", "MidasTest\MidasTest.vcxproj", "{81E2C2FB-0D2C-407D-93E3-468B79561804}"
	ProjectSection(ProjectDependencies) = postProject
		{C09B4F72-1850-4195-B5AC-1B169E682019} = {C09B4F72-1850-4195-B5AC-1B169E682019}
	EndProjectSection
EndProject
Global
	GlobalSection(SolutionConfigurationPlatforms) = preSolution
		Debug|Win32 = Debug|Win32
		Debug|x64 = Debug|x64
		Release|Win32 = Release|Win32
		Release|x64 = Release|x64
	EndGlobalSection
	GlobalSection(ProjectConfigurationPlatforms) = postSolution
		{C09B4F72-1850-4195-B5AC-1B169E682019}.Debug|Win32.ActiveCfg = Debug|Win32
		{C09B4F72-1850-4195-B5AC-1B169E682019}.Debug|Win32.Build.0 = Debug|Win32
		{C09B4F72-1850-4195-B5AC-1B169E682019}.Debug|x64.ActiveCfg = Debug|x64
		{C09B4F72-1850-4195-B5AC-1B169E682019}.Debug|x64.Build.0 = Debug|x64
		{C09B4F72-1850-4195-B5AC-1B169E682019}.Release|Win32.ActiveCfg = Release|Win32
		{C09B4F72-1850-4195-B5AC-1B169E682019}.Release|Win32.Build.0 = Release|Win32
		{C09B4F72-1850-4195-B5AC-1B169E682019}.Release|x64.ActiveCfg = Release|x64
		{C09B4F72-1850-4195-B5AC-1B169E682019}.Release|x64.Build.0 = Release|x64
		{81E2C2FB-0D2C-407D-93E3-468B79561804}.Debug|Win32.ActiveCfg = Debug|Win32
		{81E2C2FB-0D2C-407D-93E3-468B79561804}.Debug|Win32.Build.0 = Debug|Win32
		{81E2C2FB-0D2C-407D-93E3-468B79561804}.Debug|x64.ActiveCfg = Debug|Win32
		{81E2C2FB-0D2C-407D-93E3-468B79561804}.Release|Win32.ActiveCfg = Release|Win32
		{81E2C2FB-0D2C-407D-93E3-468B79561804}.Release|Win32.Build.0 = Release|Win32
		{81E2C2FB-0D2C-407D-93E3-468B79561804}.Release|x64.ActiveCfg = Release|Win32
	EndGlobalSection
	GlobalSection(SolutionProperties) = preSolution
		HideSolutionNode = FALSE
	EndGlobalSection
EndGlobal
