
Microsoft Visual Studio Solution File, Format Version 12.00
# Visual Studio 2013
VisualStudioVersion = 12.0.31101.0
MinimumVisualStudioVersion = 10.0.40219.1
Project("{8BC9CEB8-8B4A-11D0-8D11-00A0C91BC942}") = "MidasGUI", "MidasGUI\MidasGUI.vcxproj", "{B12702AD-ABFB-343A-A199-8E24837244A3}"
EndProject
Project("{8BC9CEB8-8B4A-11D0-8D11-00A0C91BC942}") = "MidasGUILib", "MidasGUILib\MidasGUILib.vcxproj", "{151F24B2-6E57-4C05-8702-62C682C5CDDE}"
EndProject
Project("{8BC9CEB8-8B4A-11D0-8D11-00A0C91BC942}") = "MidasGUIQTest", "MidasGUIQTest\MidasGUIQTest.vcxproj", "{5F0508C3-EAE9-4B25-BCDD-D00452C05A30}"
EndProject
Project("{8BC9CEB8-8B4A-11D0-8D11-00A0C91BC942}") = "MidasProfileManager", "MidasProfileManager\MidasProfileManager.vcxproj", "{99F0E931-C14B-467A-AFCD-A9109AC71405}"
EndProject
Project("{6141683F-8A12-4E36-9623-2EB02B2C2303}") = "PMInstaller", "PMInstaller\PMInstaller.isproj", "{A4557928-E704-42C4-9954-3B0FF673D6C7}"
EndProject
Project("{2150E333-8FDC-42A3-9474-1A3956D46DE8}") = "Solution Items", "Solution Items", "{87397D40-8803-49FF-B8F3-CE5C56708414}"
	ProjectSection(SolutionItems) = preProject
		Performance1.psess = Performance1.psess
	EndProjectSection
EndProject
Global
	GlobalSection(SolutionConfigurationPlatforms) = preSolution
		CD_ROM|Any CPU = CD_ROM|Any CPU
		CD_ROM|Mixed Platforms = CD_ROM|Mixed Platforms
		CD_ROM|Win32 = CD_ROM|Win32
		CD_ROM|x64 = CD_ROM|x64
		Debug|Any CPU = Debug|Any CPU
		Debug|Mixed Platforms = Debug|Mixed Platforms
		Debug|Win32 = Debug|Win32
		Debug|x64 = Debug|x64
		DVD-5|Any CPU = DVD-5|Any CPU
		DVD-5|Mixed Platforms = DVD-5|Mixed Platforms
		DVD-5|Win32 = DVD-5|Win32
		DVD-5|x64 = DVD-5|x64
		Release|Any CPU = Release|Any CPU
		Release|Mixed Platforms = Release|Mixed Platforms
		Release|Win32 = Release|Win32
		Release|x64 = Release|x64
		SingleImage|Any CPU = SingleImage|Any CPU
		SingleImage|Mixed Platforms = SingleImage|Mixed Platforms
		SingleImage|Win32 = SingleImage|Win32
		SingleImage|x64 = SingleImage|x64
	EndGlobalSection
	GlobalSection(ProjectConfigurationPlatforms) = postSolution
		{B12702AD-ABFB-343A-A199-8E24837244A3}.CD_ROM|Any CPU.ActiveCfg = Release|Win32
		{B12702AD-ABFB-343A-A199-8E24837244A3}.CD_ROM|Mixed Platforms.ActiveCfg = Release|Win32
		{B12702AD-ABFB-343A-A199-8E24837244A3}.CD_ROM|Mixed Platforms.Build.0 = Release|Win32
		{B12702AD-ABFB-343A-A199-8E24837244A3}.CD_ROM|Win32.ActiveCfg = Release|Win32
		{B12702AD-ABFB-343A-A199-8E24837244A3}.CD_ROM|Win32.Build.0 = Release|Win32
		{B12702AD-ABFB-343A-A199-8E24837244A3}.CD_ROM|x64.ActiveCfg = Release|Win32
		{B12702AD-ABFB-343A-A199-8E24837244A3}.Debug|Any CPU.ActiveCfg = Debug|Win32
		{B12702AD-ABFB-343A-A199-8E24837244A3}.Debug|Any CPU.Build.0 = Debug|Win32
		{B12702AD-ABFB-343A-A199-8E24837244A3}.Debug|Mixed Platforms.ActiveCfg = Debug|Win32
		{B12702AD-ABFB-343A-A199-8E24837244A3}.Debug|Mixed Platforms.Build.0 = Debug|Win32
		{B12702AD-ABFB-343A-A199-8E24837244A3}.Debug|Win32.ActiveCfg = Debug|Win32
		{B12702AD-ABFB-343A-A199-8E24837244A3}.Debug|Win32.Build.0 = Debug|Win32
		{B12702AD-ABFB-343A-A199-8E24837244A3}.Debug|x64.ActiveCfg = Debug|Win32
		{B12702AD-ABFB-343A-A199-8E24837244A3}.DVD-5|Any CPU.ActiveCfg = Debug|Win32
		{B12702AD-ABFB-343A-A199-8E24837244A3}.DVD-5|Mixed Platforms.ActiveCfg = Debug|Win32
		{B12702AD-ABFB-343A-A199-8E24837244A3}.DVD-5|Mixed Platforms.Build.0 = Debug|Win32
		{B12702AD-ABFB-343A-A199-8E24837244A3}.DVD-5|Win32.ActiveCfg = Debug|Win32
		{B12702AD-ABFB-343A-A199-8E24837244A3}.DVD-5|Win32.Build.0 = Debug|Win32
		{B12702AD-ABFB-343A-A199-8E24837244A3}.DVD-5|x64.ActiveCfg = Debug|Win32
		{B12702AD-ABFB-343A-A199-8E24837244A3}.Release|Any CPU.ActiveCfg = Release|Win32
		{B12702AD-ABFB-343A-A199-8E24837244A3}.Release|Mixed Platforms.ActiveCfg = Release|Win32
		{B12702AD-ABFB-343A-A199-8E24837244A3}.Release|Mixed Platforms.Build.0 = Release|Win32
		{B12702AD-ABFB-343A-A199-8E24837244A3}.Release|Win32.ActiveCfg = Release|Win32
		{B12702AD-ABFB-343A-A199-8E24837244A3}.Release|Win32.Build.0 = Release|Win32
		{B12702AD-ABFB-343A-A199-8E24837244A3}.Release|x64.ActiveCfg = Release|Win32
		{B12702AD-ABFB-343A-A199-8E24837244A3}.SingleImage|Any CPU.ActiveCfg = Release|Win32
		{B12702AD-ABFB-343A-A199-8E24837244A3}.SingleImage|Mixed Platforms.ActiveCfg = Release|Win32
		{B12702AD-ABFB-343A-A199-8E24837244A3}.SingleImage|Mixed Platforms.Build.0 = Release|Win32
		{B12702AD-ABFB-343A-A199-8E24837244A3}.SingleImage|Win32.ActiveCfg = Release|Win32
		{B12702AD-ABFB-343A-A199-8E24837244A3}.SingleImage|Win32.Build.0 = Release|Win32
		{B12702AD-ABFB-343A-A199-8E24837244A3}.SingleImage|x64.ActiveCfg = Release|Win32
		{151F24B2-6E57-4C05-8702-62C682C5CDDE}.CD_ROM|Any CPU.ActiveCfg = Release|Win32
		{151F24B2-6E57-4C05-8702-62C682C5CDDE}.CD_ROM|Mixed Platforms.ActiveCfg = Release|Win32
		{151F24B2-6E57-4C05-8702-62C682C5CDDE}.CD_ROM|Mixed Platforms.Build.0 = Release|Win32
		{151F24B2-6E57-4C05-8702-62C682C5CDDE}.CD_ROM|Win32.ActiveCfg = Release|Win32
		{151F24B2-6E57-4C05-8702-62C682C5CDDE}.CD_ROM|Win32.Build.0 = Release|Win32
		{151F24B2-6E57-4C05-8702-62C682C5CDDE}.CD_ROM|x64.ActiveCfg = Release|Win32
		{151F24B2-6E57-4C05-8702-62C682C5CDDE}.Debug|Any CPU.ActiveCfg = Debug|Win32
		{151F24B2-6E57-4C05-8702-62C682C5CDDE}.Debug|Mixed Platforms.ActiveCfg = Debug|Win32
		{151F24B2-6E57-4C05-8702-62C682C5CDDE}.Debug|Mixed Platforms.Build.0 = Debug|Win32
		{151F24B2-6E57-4C05-8702-62C682C5CDDE}.Debug|Win32.ActiveCfg = Debug|Win32
		{151F24B2-6E57-4C05-8702-62C682C5CDDE}.Debug|Win32.Build.0 = Debug|Win32
		{151F24B2-6E57-4C05-8702-62C682C5CDDE}.Debug|x64.ActiveCfg = Debug|Win32
		{151F24B2-6E57-4C05-8702-62C682C5CDDE}.DVD-5|Any CPU.ActiveCfg = Debug|Win32
		{151F24B2-6E57-4C05-8702-62C682C5CDDE}.DVD-5|Mixed Platforms.ActiveCfg = Debug|Win32
		{151F24B2-6E57-4C05-8702-62C682C5CDDE}.DVD-5|Mixed Platforms.Build.0 = Debug|Win32
		{151F24B2-6E57-4C05-8702-62C682C5CDDE}.DVD-5|Win32.ActiveCfg = Debug|Win32
		{151F24B2-6E57-4C05-8702-62C682C5CDDE}.DVD-5|Win32.Build.0 = Debug|Win32
		{151F24B2-6E57-4C05-8702-62C682C5CDDE}.DVD-5|x64.ActiveCfg = Debug|Win32
		{151F24B2-6E57-4C05-8702-62C682C5CDDE}.Release|Any CPU.ActiveCfg = Release|Win32
		{151F24B2-6E57-4C05-8702-62C682C5CDDE}.Release|Mixed Platforms.ActiveCfg = Release|Win32
		{151F24B2-6E57-4C05-8702-62C682C5CDDE}.Release|Mixed Platforms.Build.0 = Release|Win32
		{151F24B2-6E57-4C05-8702-62C682C5CDDE}.Release|Win32.ActiveCfg = Release|Win32
		{151F24B2-6E57-4C05-8702-62C682C5CDDE}.Release|Win32.Build.0 = Release|Win32
		{151F24B2-6E57-4C05-8702-62C682C5CDDE}.Release|x64.ActiveCfg = Release|Win32
		{151F24B2-6E57-4C05-8702-62C682C5CDDE}.SingleImage|Any CPU.ActiveCfg = Release|Win32
		{151F24B2-6E57-4C05-8702-62C682C5CDDE}.SingleImage|Mixed Platforms.ActiveCfg = Release|Win32
		{151F24B2-6E57-4C05-8702-62C682C5CDDE}.SingleImage|Mixed Platforms.Build.0 = Release|Win32
		{151F24B2-6E57-4C05-8702-62C682C5CDDE}.SingleImage|Win32.ActiveCfg = Release|Win32
		{151F24B2-6E57-4C05-8702-62C682C5CDDE}.SingleImage|Win32.Build.0 = Release|Win32
		{151F24B2-6E57-4C05-8702-62C682C5CDDE}.SingleImage|x64.ActiveCfg = Release|Win32
		{5F0508C3-EAE9-4B25-BCDD-D00452C05A30}.CD_ROM|Any CPU.ActiveCfg = Release|Win32
		{5F0508C3-EAE9-4B25-BCDD-D00452C05A30}.CD_ROM|Mixed Platforms.ActiveCfg = Release|Win32
		{5F0508C3-EAE9-4B25-BCDD-D00452C05A30}.CD_ROM|Mixed Platforms.Build.0 = Release|Win32
		{5F0508C3-EAE9-4B25-BCDD-D00452C05A30}.CD_ROM|Win32.ActiveCfg = Release|Win32
		{5F0508C3-EAE9-4B25-BCDD-D00452C05A30}.CD_ROM|Win32.Build.0 = Release|Win32
		{5F0508C3-EAE9-4B25-BCDD-D00452C05A30}.CD_ROM|x64.ActiveCfg = Release|Win32
		{5F0508C3-EAE9-4B25-BCDD-D00452C05A30}.Debug|Any CPU.ActiveCfg = Debug|Win32
		{5F0508C3-EAE9-4B25-BCDD-D00452C05A30}.Debug|Mixed Platforms.ActiveCfg = Debug|Win32
		{5F0508C3-EAE9-4B25-BCDD-D00452C05A30}.Debug|Mixed Platforms.Build.0 = Debug|Win32
		{5F0508C3-EAE9-4B25-BCDD-D00452C05A30}.Debug|Win32.ActiveCfg = Debug|Win32
		{5F0508C3-EAE9-4B25-BCDD-D00452C05A30}.Debug|Win32.Build.0 = Debug|Win32
		{5F0508C3-EAE9-4B25-BCDD-D00452C05A30}.Debug|x64.ActiveCfg = Debug|Win32
		{5F0508C3-EAE9-4B25-BCDD-D00452C05A30}.DVD-5|Any CPU.ActiveCfg = Debug|Win32
		{5F0508C3-EAE9-4B25-BCDD-D00452C05A30}.DVD-5|Mixed Platforms.ActiveCfg = Debug|Win32
		{5F0508C3-EAE9-4B25-BCDD-D00452C05A30}.DVD-5|Mixed Platforms.Build.0 = Debug|Win32
		{5F0508C3-EAE9-4B25-BCDD-D00452C05A30}.DVD-5|Win32.ActiveCfg = Debug|Win32
		{5F0508C3-EAE9-4B25-BCDD-D00452C05A30}.DVD-5|Win32.Build.0 = Debug|Win32
		{5F0508C3-EAE9-4B25-BCDD-D00452C05A30}.DVD-5|x64.ActiveCfg = Debug|Win32
		{5F0508C3-EAE9-4B25-BCDD-D00452C05A30}.Release|Any CPU.ActiveCfg = Release|Win32
		{5F0508C3-EAE9-4B25-BCDD-D00452C05A30}.Release|Mixed Platforms.ActiveCfg = Release|Win32
		{5F0508C3-EAE9-4B25-BCDD-D00452C05A30}.Release|Mixed Platforms.Build.0 = Release|Win32
		{5F0508C3-EAE9-4B25-BCDD-D00452C05A30}.Release|Win32.ActiveCfg = Release|Win32
		{5F0508C3-EAE9-4B25-BCDD-D00452C05A30}.Release|Win32.Build.0 = Release|Win32
		{5F0508C3-EAE9-4B25-BCDD-D00452C05A30}.Release|x64.ActiveCfg = Release|Win32
		{5F0508C3-EAE9-4B25-BCDD-D00452C05A30}.SingleImage|Any CPU.ActiveCfg = Release|Win32
		{5F0508C3-EAE9-4B25-BCDD-D00452C05A30}.SingleImage|Mixed Platforms.ActiveCfg = Release|Win32
		{5F0508C3-EAE9-4B25-BCDD-D00452C05A30}.SingleImage|Mixed Platforms.Build.0 = Release|Win32
		{5F0508C3-EAE9-4B25-BCDD-D00452C05A30}.SingleImage|Win32.ActiveCfg = Release|Win32
		{5F0508C3-EAE9-4B25-BCDD-D00452C05A30}.SingleImage|Win32.Build.0 = Release|Win32
		{5F0508C3-EAE9-4B25-BCDD-D00452C05A30}.SingleImage|x64.ActiveCfg = Release|Win32
		{99F0E931-C14B-467A-AFCD-A9109AC71405}.CD_ROM|Any CPU.ActiveCfg = Release|Win32
		{99F0E931-C14B-467A-AFCD-A9109AC71405}.CD_ROM|Mixed Platforms.ActiveCfg = Release|Win32
		{99F0E931-C14B-467A-AFCD-A9109AC71405}.CD_ROM|Win32.ActiveCfg = Release|Win32
		{99F0E931-C14B-467A-AFCD-A9109AC71405}.CD_ROM|x64.ActiveCfg = Release|Win32
		{99F0E931-C14B-467A-AFCD-A9109AC71405}.Debug|Any CPU.ActiveCfg = Debug|Win32
		{99F0E931-C14B-467A-AFCD-A9109AC71405}.Debug|Mixed Platforms.ActiveCfg = Debug|Win32
		{99F0E931-C14B-467A-AFCD-A9109AC71405}.Debug|Mixed Platforms.Build.0 = Debug|Win32
		{99F0E931-C14B-467A-AFCD-A9109AC71405}.Debug|Win32.ActiveCfg = Debug|Win32
		{99F0E931-C14B-467A-AFCD-A9109AC71405}.Debug|Win32.Build.0 = Debug|Win32
		{99F0E931-C14B-467A-AFCD-A9109AC71405}.Debug|x64.ActiveCfg = Debug|Win32
		{99F0E931-C14B-467A-AFCD-A9109AC71405}.DVD-5|Any CPU.ActiveCfg = Debug|Win32
		{99F0E931-C14B-467A-AFCD-A9109AC71405}.DVD-5|Mixed Platforms.ActiveCfg = Debug|Win32
		{99F0E931-C14B-467A-AFCD-A9109AC71405}.DVD-5|Win32.ActiveCfg = Debug|Win32
		{99F0E931-C14B-467A-AFCD-A9109AC71405}.DVD-5|x64.ActiveCfg = Debug|Win32
		{99F0E931-C14B-467A-AFCD-A9109AC71405}.Release|Any CPU.ActiveCfg = Release|Win32
		{99F0E931-C14B-467A-AFCD-A9109AC71405}.Release|Mixed Platforms.ActiveCfg = Release|Win32
		{99F0E931-C14B-467A-AFCD-A9109AC71405}.Release|Mixed Platforms.Build.0 = Release|Win32
		{99F0E931-C14B-467A-AFCD-A9109AC71405}.Release|Win32.ActiveCfg = Release|Win32
		{99F0E931-C14B-467A-AFCD-A9109AC71405}.Release|Win32.Build.0 = Release|Win32
		{99F0E931-C14B-467A-AFCD-A9109AC71405}.Release|x64.ActiveCfg = Release|Win32
		{99F0E931-C14B-467A-AFCD-A9109AC71405}.SingleImage|Any CPU.ActiveCfg = Release|Win32
		{99F0E931-C14B-467A-AFCD-A9109AC71405}.SingleImage|Mixed Platforms.ActiveCfg = Release|Win32
		{99F0E931-C14B-467A-AFCD-A9109AC71405}.SingleImage|Win32.ActiveCfg = Release|Win32
		{99F0E931-C14B-467A-AFCD-A9109AC71405}.SingleImage|x64.ActiveCfg = Release|Win32
		{A4557928-E704-42C4-9954-3B0FF673D6C7}.CD_ROM|Any CPU.ActiveCfg = CD_ROM
		{A4557928-E704-42C4-9954-3B0FF673D6C7}.CD_ROM|Any CPU.Build.0 = CD_ROM
		{A4557928-E704-42C4-9954-3B0FF673D6C7}.CD_ROM|Mixed Platforms.ActiveCfg = CD_ROM
		{A4557928-E704-42C4-9954-3B0FF673D6C7}.CD_ROM|Mixed Platforms.Build.0 = CD_ROM
		{A4557928-E704-42C4-9954-3B0FF673D6C7}.CD_ROM|Win32.ActiveCfg = CD_ROM
		{A4557928-E704-42C4-9954-3B0FF673D6C7}.CD_ROM|Win32.Build.0 = CD_ROM
		{A4557928-E704-42C4-9954-3B0FF673D6C7}.CD_ROM|x64.ActiveCfg = CD_ROM
		{A4557928-E704-42C4-9954-3B0FF673D6C7}.CD_ROM|x64.Build.0 = CD_ROM
		{A4557928-E704-42C4-9954-3B0FF673D6C7}.Debug|Any CPU.ActiveCfg = DVD-5
		{A4557928-E704-42C4-9954-3B0FF673D6C7}.Debug|Any CPU.Build.0 = DVD-5
		{A4557928-E704-42C4-9954-3B0FF673D6C7}.Debug|Mixed Platforms.ActiveCfg = DVD-5
		{A4557928-E704-42C4-9954-3B0FF673D6C7}.Debug|Mixed Platforms.Build.0 = DVD-5
		{A4557928-E704-42C4-9954-3B0FF673D6C7}.Debug|Win32.ActiveCfg = DVD-5
		{A4557928-E704-42C4-9954-3B0FF673D6C7}.Debug|Win32.Build.0 = DVD-5
		{A4557928-E704-42C4-9954-3B0FF673D6C7}.Debug|x64.ActiveCfg = DVD-5
		{A4557928-E704-42C4-9954-3B0FF673D6C7}.Debug|x64.Build.0 = DVD-5
		{A4557928-E704-42C4-9954-3B0FF673D6C7}.DVD-5|Any CPU.ActiveCfg = DVD-5
		{A4557928-E704-42C4-9954-3B0FF673D6C7}.DVD-5|Any CPU.Build.0 = DVD-5
		{A4557928-E704-42C4-9954-3B0FF673D6C7}.DVD-5|Mixed Platforms.ActiveCfg = DVD-5
		{A4557928-E704-42C4-9954-3B0FF673D6C7}.DVD-5|Mixed Platforms.Build.0 = DVD-5
		{A4557928-E704-42C4-9954-3B0FF673D6C7}.DVD-5|Win32.ActiveCfg = DVD-5
		{A4557928-E704-42C4-9954-3B0FF673D6C7}.DVD-5|Win32.Build.0 = DVD-5
		{A4557928-E704-42C4-9954-3B0FF673D6C7}.DVD-5|x64.ActiveCfg = DVD-5
		{A4557928-E704-42C4-9954-3B0FF673D6C7}.DVD-5|x64.Build.0 = DVD-5
		{A4557928-E704-42C4-9954-3B0FF673D6C7}.Release|Any CPU.ActiveCfg = SingleImage
		{A4557928-E704-42C4-9954-3B0FF673D6C7}.Release|Any CPU.Build.0 = SingleImage
		{A4557928-E704-42C4-9954-3B0FF673D6C7}.Release|Mixed Platforms.ActiveCfg = SingleImage
		{A4557928-E704-42C4-9954-3B0FF673D6C7}.Release|Mixed Platforms.Build.0 = SingleImage
		{A4557928-E704-42C4-9954-3B0FF673D6C7}.Release|Win32.ActiveCfg = SingleImage
		{A4557928-E704-42C4-9954-3B0FF673D6C7}.Release|Win32.Build.0 = SingleImage
		{A4557928-E704-42C4-9954-3B0FF673D6C7}.Release|x64.ActiveCfg = SingleImage
		{A4557928-E704-42C4-9954-3B0FF673D6C7}.Release|x64.Build.0 = SingleImage
		{A4557928-E704-42C4-9954-3B0FF673D6C7}.SingleImage|Any CPU.ActiveCfg = SingleImage
		{A4557928-E704-42C4-9954-3B0FF673D6C7}.SingleImage|Any CPU.Build.0 = SingleImage
		{A4557928-E704-42C4-9954-3B0FF673D6C7}.SingleImage|Mixed Platforms.ActiveCfg = SingleImage
		{A4557928-E704-42C4-9954-3B0FF673D6C7}.SingleImage|Mixed Platforms.Build.0 = SingleImage
		{A4557928-E704-42C4-9954-3B0FF673D6C7}.SingleImage|Win32.ActiveCfg = SingleImage
		{A4557928-E704-42C4-9954-3B0FF673D6C7}.SingleImage|Win32.Build.0 = SingleImage
		{A4557928-E704-42C4-9954-3B0FF673D6C7}.SingleImage|x64.ActiveCfg = SingleImage
		{A4557928-E704-42C4-9954-3B0FF673D6C7}.SingleImage|x64.Build.0 = SingleImage
	EndGlobalSection
	GlobalSection(SolutionProperties) = preSolution
		HideSolutionNode = FALSE
	EndGlobalSection
EndGlobal
